// !$*UTF8*$!
{
	archiveVersion = 1;
	classes = {
	};
	objectVersion = 46;
	objects = {

/* Begin PBXBuildFile section */
		2D025EBC1E99FF3500D94B4A /* AppDelegate.swift in Sources */ = {isa = PBXBuildFile; fileRef = 2D025EBB1E99FF3500D94B4A /* AppDelegate.swift */; };
		2D025EBE1E99FF3500D94B4A /* ViewController.swift in Sources */ = {isa = PBXBuildFile; fileRef = 2D025EBD1E99FF3500D94B4A /* ViewController.swift */; };
		2D025EC11E99FF3500D94B4A /* Main.storyboard in Resources */ = {isa = PBXBuildFile; fileRef = 2D025EBF1E99FF3500D94B4A /* Main.storyboard */; };
		2D025EC31E99FF3500D94B4A /* Assets.xcassets in Resources */ = {isa = PBXBuildFile; fileRef = 2D025EC21E99FF3500D94B4A /* Assets.xcassets */; };
		2D025EC61E99FF3500D94B4A /* LaunchScreen.storyboard in Resources */ = {isa = PBXBuildFile; fileRef = 2D025EC41E99FF3500D94B4A /* LaunchScreen.storyboard */; };
		2D025ED01E9A006C00D94B4A /* SWRevealViewController.m in Sources */ = {isa = PBXBuildFile; fileRef = 2D025ECF1E9A006C00D94B4A /* SWRevealViewController.m */; };
		2D025ED21E9A027F00D94B4A /* BackTableVC.swift in Sources */ = {isa = PBXBuildFile; fileRef = 2D025ED11E9A027F00D94B4A /* BackTableVC.swift */; };
/* End PBXBuildFile section */

/* Begin PBXFileReference section */
		2D025EB81E99FF3400D94B4A /* SlideOutMenu.app */ = {isa = PBXFileReference; explicitFileType = wrapper.application; includeInIndex = 0; path = SlideOutMenu.app; sourceTree = BUILT_PRODUCTS_DIR; };
		2D025EBB1E99FF3500D94B4A /* AppDelegate.swift */ = {isa = PBXFileReference; lastKnownFileType = sourcecode.swift; path = AppDelegate.swift; sourceTree = "<group>"; };
		2D025EBD1E99FF3500D94B4A /* ViewController.swift */ = {isa = PBXFileReference; lastKnownFileType = sourcecode.swift; path = ViewController.swift; sourceTree = "<group>"; };
		2D025EC01E99FF3500D94B4A /* Base */ = {isa = PBXFileReference; lastKnownFileType = file.storyboard; name = Base; path = Base.lproj/Main.storyboard; sourceTree = "<group>"; };
		2D025EC21E99FF3500D94B4A /* Assets.xcassets */ = {isa = PBXFileReference; lastKnownFileType = folder.assetcatalog; path = Assets.xcassets; sourceTree = "<group>"; };
		2D025EC51E99FF3500D94B4A /* Base */ = {isa = PBXFileReference; lastKnownFileType = file.storyboard; name = Base; path = Base.lproj/LaunchScreen.storyboard; sourceTree = "<group>"; };
		2D025EC71E99FF3500D94B4A /* Info.plist */ = {isa = PBXFileReference; lastKnownFileType = text.plist.xml; path = Info.plist; sourceTree = "<group>"; };
		2D025ECD1E9A006C00D94B4A /* SlideOutMenu-Bridging-Header.h */ = {isa = PBXFileReference; lastKnownFileType = sourcecode.c.h; path = "SlideOutMenu-Bridging-Header.h"; sourceTree = "<group>"; };
		2D025ECE1E9A006C00D94B4A /* SWRevealViewController.h */ = {isa = PBXFileReference; fileEncoding = 4; lastKnownFileType = sourcecode.c.h; path = SWRevealViewController.h; sourceTree = "<group>"; };
		2D025ECF1E9A006C00D94B4A /* SWRevealViewController.m */ = {isa = PBXFileReference; fileEncoding = 4; lastKnownFileType = sourcecode.c.objc; path = SWRevealViewController.m; sourceTree = "<group>"; };
		2D025ED11E9A027F00D94B4A /* BackTableVC.swift */ = {isa = PBXFileReference; fileEncoding = 4; lastKnownFileType = sourcecode.swift; path = BackTableVC.swift; sourceTree = "<group>"; };
/* End PBXFileReference section */

/* Begin PBXFrameworksBuildPhase section */
		2D025EB51E99FF3400D94B4A /* Frameworks */ = {
			isa = PBXFrameworksBuildPhase;
			buildActionMask = 2147483647;
			files = (
			);
			runOnlyForDeploymentPostprocessing = 0;
		};
/* End PBXFrameworksBuildPhase section */

/* Begin PBXGroup section */
		2D025EAF1E99FF3400D94B4A = {
			isa = PBXGroup;
			children = (
				2D025EBA1E99FF3400D94B4A /* SlideOutMenu */,
				2D025EB91E99FF3400D94B4A /* Products */,
			);
			sourceTree = "<group>";
		};
		2D025EB91E99FF3400D94B4A /* Products */ = {
			isa = PBXGroup;
			children = (
				2D025EB81E99FF3400D94B4A /* SlideOutMenu.app */,
			);
			name = Products;
			sourceTree = "<group>";
		};
		2D025EBA1E99FF3400D94B4A /* SlideOutMenu */ = {
			isa = PBXGroup;
			children = (
				2D025EBB1E99FF3500D94B4A /* AppDelegate.swift */,
				2D025EBD1E99FF3500D94B4A /* ViewController.swift */,
				2D025ECE1E9A006C00D94B4A /* SWRevealViewController.h */,
				2D025ECF1E9A006C00D94B4A /* SWRevealViewController.m */,
				2D025EBF1E99FF3500D94B4A /* Main.storyboard */,
				2D025EC21E99FF3500D94B4A /* Assets.xcassets */,
				2D025EC41E99FF3500D94B4A /* LaunchScreen.storyboard */,
				2D025EC71E99FF3500D94B4A /* Info.plist */,
				2D025ECD1E9A006C00D94B4A /* SlideOutMenu-Bridging-Header.h */,
				2D025ED11E9A027F00D94B4A /* BackTableVC.swift */,
			);
			path = SlideOutMenu;
			sourceTree = "<group>";
		};
/* End PBXGroup section */

/* Begin PBXNativeTarget section */
		2D025EB71E99FF3400D94B4A /* SlideOutMenu */ = {
			isa = PBXNativeTarget;
			buildConfigurationList = 2D025ECA1E99FF3500D94B4A /* Build configuration list for PBXNativeTarget "SlideOutMenu" */;
			buildPhases = (
				2D025EB41E99FF3400D94B4A /* Sources */,
				2D025EB51E99FF3400D94B4A /* Frameworks */,
				2D025EB61E99FF3400D94B4A /* Resources */,
			);
			buildRules = (
			);
			dependencies = (
			);
			name = SlideOutMenu;
			productName = SlideOutMenu;
			productReference = 2D025EB81E99FF3400D94B4A /* SlideOutMenu.app */;
			productType = "com.apple.product-type.application";
		};
/* End PBXNativeTarget section */

/* Begin PBXProject section */
		2D025EB01E99FF3400D94B4A /* Project object */ = {
			isa = PBXProject;
			attributes = {
				LastSwiftUpdateCheck = 0830;
				LastUpgradeCheck = 0830;
				ORGANIZATIONNAME = SuYoung;
				TargetAttributes = {
					2D025EB71E99FF3400D94B4A = {
						CreatedOnToolsVersion = 8.3;
						DevelopmentTeam = 5JVHC5M949;
						LastSwiftMigration = 0830;
						ProvisioningStyle = Automatic;
					};
				};
			};
			buildConfigurationList = 2D025EB31E99FF3400D94B4A /* Build configuration list for PBXProject "SlideOutMenu" */;
			compatibilityVersion = "Xcode 3.2";
			developmentRegion = English;
			hasScannedForEncodings = 0;
			knownRegions = (
				en,
				Base,
			);
			mainGroup = 2D025EAF1E99FF3400D94B4A;
			productRefGroup = 2D025EB91E99FF3400D94B4A /* Products */;
			projectDirPath = "";
			projectRoot = "";
			targets = (
				2D025EB71E99FF3400D94B4A /* SlideOutMenu */,
			);
		};
/* End PBXProject section */

/* Begin PBXResourcesBuildPhase section */
		2D025EB61E99FF3400D94B4A /* Resources */ = {
			isa = PBXResourcesBuildPhase;
			buildActionMask = 2147483647;
			files = (
				2D025EC61E99FF3500D94B4A /* LaunchScreen.storyboard in Resources */,
				2D025EC31E99FF3500D94B4A /* Assets.xcassets in Resources */,
				2D025EC11E99FF3500D94B4A /* Main.storyboard in Resources */,
			);
			runOnlyForDeploymentPostprocessing = 0;
		};
/* End PBXResourcesBuildPhase section */

/* Begin PBXSourcesBuildPhase section */
		2D025EB41E99FF3400D94B4A /* Sources */ = {
			isa = PBXSourcesBuildPhase;
			buildActionMask = 2147483647;
			files = (
				2D025EBE1E99FF3500D94B4A /* ViewController.swift in Sources */,
				2D025EBC1E99FF3500D94B4A /* AppDelegate.swift in Sources */,
				2D025ED21E9A027F00D94B4A /* BackTableVC.swift in Sources */,
				2D025ED01E9A006C00D94B4A /* SWRevealViewController.m in Sources */,
			);
			runOnlyForDeploymentPostprocessing = 0;
		};
/* End PBXSourcesBuildPhase section */

/* Begin PBXVariantGroup section */
		2D025EBF1E99FF3500D94B4A /* Main.storyboard */ = {
			isa = PBXVariantGroup;
			children = (
				2D025EC01E99FF3500D94B4A /* Base */,
			);
			name = Main.storyboard;
			sourceTree = "<group>";
		};
		2D025EC41E99FF3500D94B4A /* LaunchScreen.storyboard */ = {
			isa = PBXVariantGroup;
			children = (
				2D025EC51E99FF3500D94B4A /* Base */,
			);
			name = LaunchScreen.storyboard;
			sourceTree = "<group>";
		};
/* End PBXVariantGroup section */

/* Begin XCBuildConfiguration section */
		2D025EC81E99FF3500D94B4A /* Debug */ = {
			isa = XCBuildConfiguration;
			buildSettings = {
				ALWAYS_SEARCH_USER_PATHS = NO;
				CLANG_ANALYZER_NONNULL = YES;
				CLANG_ANALYZER_NUMBER_OBJECT_CONVERSION = YES_AGGRESSIVE;
				CLANG_CXX_LANGUAGE_STANDARD = "gnu++0x";
				CLANG_CXX_LIBRARY = "libc++";
				CLANG_ENABLE_MODULES = YES;
				CLANG_ENABLE_OBJC_ARC = YES;
				CLANG_WARN_BOOL_CONVERSION = YES;
				CLANG_WARN_CONSTANT_CONVERSION = YES;
				CLANG_WARN_DIRECT_OBJC_ISA_USAGE = YES_ERROR;
				CLANG_WARN_DOCUMENTATION_COMMENTS = YES;
				CLANG_WARN_EMPTY_BODY = YES;
				CLANG_WARN_ENUM_CONVERSION = YES;
				CLANG_WARN_INFINITE_RECURSION = YES;
				CLANG_WARN_INT_CONVERSION = YES;
				CLANG_WARN_OBJC_ROOT_CLASS = YES_ERROR;
				CLANG_WARN_SUSPICIOUS_MOVE = YES;
				CLANG_WARN_UNREACHABLE_CODE = YES;
				CLANG_WARN__DUPLICATE_METHOD_MATCH = YES;
				"CODE_SIGN_IDENTITY[sdk=iphoneos*]" = "iPhone Developer";
				COPY_PHASE_STRIP = NO;
				DEBUG_INFORMATION_FORMAT = dwarf;
				ENABLE_STRICT_OBJC_MSGSEND = YES;
				ENABLE_TESTABILITY = YES;
				GCC_C_LANGUAGE_STANDARD = gnu99;
				GCC_DYNAMIC_NO_PIC = NO;
				GCC_NO_COMMON_BLOCKS = YES;
				GCC_OPTIMIZATION_LEVEL = 0;
				GCC_PREPROCESSOR_DEFINITIONS = (
					"DEBUG=1",
					"$(inherited)",
				);
				GCC_WARN_64_TO_32_BIT_CONVERSION = YES;
				GCC_WARN_ABOUT_RETURN_TYPE = YES_ERROR;
				GCC_WARN_UNDECLARED_SELECTOR = YES;
				GCC_WARN_UNINITIALIZED_AUTOS = YES_AGGRESSIVE;
				GCC_WARN_UNUSED_FUNCTION = YES;
				GCC_WARN_UNUSED_VARIABLE = YES;
				IPHONEOS_DEPLOYMENT_TARGET = 10.3;
				MTL_ENABLE_DEBUG_INFO = YES;
				ONLY_ACTIVE_ARCH = YES;
				SDKROOT = iphoneos;
				SWIFT_ACTIVE_COMPILATION_CONDITIONS = DEBUG;
				SWIFT_OPTIMIZATION_LEVEL = "-Onone";
			};
			name = Debug;
		};
		2D025EC91E99FF3500D94B4A /* Release */ = {
			isa = XCBuildConfiguration;
			buildSettings = {
				ALWAYS_SEARCH_USER_PATHS = NO;
				CLANG_ANALYZER_NONNULL = YES;
				CLANG_ANALYZER_NUMBER_OBJECT_CONVERSION = YES_AGGRESSIVE;
				CLANG_CXX_LANGUAGE_STANDARD = "gnu++0x";
				CLANG_CXX_LIBRARY = "libc++";
				CLANG_ENABLE_MODULES = YES;
				CLANG_ENABLE_OBJC_ARC = YES;
				CLANG_WARN_BOOL_CONVERSION = YES;
				CLANG_WARN_CONSTANT_CONVERSION = YES;
				CLANG_WARN_DIRECT_OBJC_ISA_USAGE = YES_ERROR;
				CLANG_WARN_DOCUMENTATION_COMMENTS = YES;
				CLANG_WARN_EMPTY_BODY = YES;
				CLANG_WARN_ENUM_CONVERSION = YES;
				CLANG_WARN_INFINITE_RECURSION = YES;
				CLANG_WARN_INT_CONVERSION = YES;
				CLANG_WARN_OBJC_ROOT_CLASS = YES_ERROR;
				CLANG_WARN_SUSPICIOUS_MOVE = YES;
				CLANG_WARN_UNREACHABLE_CODE = YES;
				CLANG_WARN__DUPLICATE_METHOD_MATCH = YES;
				"CODE_SIGN_IDENTITY[sdk=iphoneos*]" = "iPhone Developer";
				COPY_PHASE_STRIP = NO;
				DEBUG_INFORMATION_FORMAT = "dwarf-with-dsym";
				ENABLE_NS_ASSERTIONS = NO;
				ENABLE_STRICT_OBJC_MSGSEND = YES;
				GCC_C_LANGUAGE_STANDARD = gnu99;
				GCC_NO_COMMON_BLOCKS = YES;
				GCC_WARN_64_TO_32_BIT_CONVERSION = YES;
				GCC_WARN_ABOUT_RETURN_TYPE = YES_ERROR;
				GCC_WARN_UNDECLARED_SELECTOR = YES;
				GCC_WARN_UNINITIALIZED_AUTOS = YES_AGGRESSIVE;
				GCC_WARN_UNUSED_FUNCTION = YES;
				GCC_WARN_UNUSED_VARIABLE = YES;
				IPHONEOS_DEPLOYMENT_TARGET = 10.3;
				MTL_ENABLE_DEBUG_INFO = NO;
				SDKROOT = iphoneos;
				SWIFT_OPTIMIZATION_LEVEL = "-Owholemodule";
				VALIDATE_PRODUCT = YES;
			};
			name = Release;
		};
		2D025ECB1E99FF3500D94B4A /* Debug */ = {
			isa = XCBuildConfiguration;
			buildSettings = {
				ASSETCATALOG_COMPILER_APPICON_NAME = AppIcon;
				CLANG_ENABLE_MODULES = YES;
				DEVELOPMENT_TEAM = 5JVHC5M949;
				INFOPLIST_FILE = SlideOutMenu/Info.plist;
				LD_RUNPATH_SEARCH_PATHS = "$(inherited) @executable_path/Frameworks";
				PRODUCT_BUNDLE_IDENTIFIER = dev.SuYoung.SlideOutMenu;
				PRODUCT_NAME = "$(TARGET_NAME)";
				SWIFT_OBJC_BRIDGING_HEADER = "SlideOutMenu/SlideOutMenu-Bridging-Header.h";
				SWIFT_OPTIMIZATION_LEVEL = "-Onone";
				SWIFT_VERSION = 3.0;
			};
			name = Debug;
		};
		2D025ECC1E99FF3500D94B4A /* Release */ = {
			isa = XCBuildConfiguration;
			buildSettings = {
				ASSETCATALOG_COMPILER_APPICON_NAME = AppIcon;
				CLANG_ENABLE_MODULES = YES;
				DEVELOPMENT_TEAM = 5JVHC5M949;
				INFOPLIST_FILE = SlideOutMenu/Info.plist;
				LD_RUNPATH_SEARCH_PATHS = "$(inherited) @executable_path/Frameworks";
				PRODUCT_BUNDLE_IDENTIFIER = dev.SuYoung.SlideOutMenu;
				PRODUCT_NAME = "$(TARGET_NAME)";
				SWIFT_OBJC_BRIDGING_HEADER = "SlideOutMenu/SlideOutMenu-Bridging-Header.h";
				SWIFT_VERSION = 3.0;
			};
			name = Release;
		};
/* End XCBuildConfiguration section */

/* Begin XCConfigurationList section */
		2D025EB31E99FF3400D94B4A /* Build configuration list for PBXProject "SlideOutMenu" */ = {
			isa = XCConfigurationList;
			buildConfigurations = (
				2D025EC81E99FF3500D94B4A /* Debug */,
				2D025EC91E99FF3500D94B4A /* Release */,
			);
			defaultConfigurationIsVisible = 0;
			defaultConfigurationName = Release;
		};
		2D025ECA1E99FF3500D94B4A /* Build configuration list for PBXNativeTarget "SlideOutMenu" */ = {
			isa = XCConfigurationList;
			buildConfigurations = (
				2D025ECB1E99FF3500D94B4A /* Debug */,
				2D025ECC1E99FF3500D94B4A /* Release */,
			);
			defaultConfigurationIsVisible = 0;
			defaultConfigurationName = Release;
		};
/* End XCConfigurationList section */
	};
	rootObject = 2D025EB01E99FF3400D94B4A /* Project object */;
}
